// !$*UTF8*$!
{
	archiveVersion = 1;
	classes = {
	};
	objectVersion = 56;
	objects = {

/* Begin PBXBuildFile section */
		296B5EEB29FD2AF900F734C8 /* AppDelegate.swift in Sources */ = {isa = PBXBuildFile; fileRef = 296B5EEA29FD2AF900F734C8 /* AppDelegate.swift */; };
		296B5EED29FD2AF900F734C8 /* SceneDelegate.swift in Sources */ = {isa = PBXBuildFile; fileRef = 296B5EEC29FD2AF900F734C8 /* SceneDelegate.swift */; };
		296B5EF229FD2AF900F734C8 /* Main.storyboard in Resources */ = {isa = PBXBuildFile; fileRef = 296B5EF029FD2AF900F734C8 /* Main.storyboard */; };
		296B5EF429FD2AFA00F734C8 /* Assets.xcassets in Resources */ = {isa = PBXBuildFile; fileRef = 296B5EF329FD2AFA00F734C8 /* Assets.xcassets */; };
		296B5EF729FD2AFA00F734C8 /* LaunchScreen.storyboard in Resources */ = {isa = PBXBuildFile; fileRef = 296B5EF529FD2AFA00F734C8 /* LaunchScreen.storyboard */; };
		29DF853629FE843700E14BFE /* WeatherManager.swift in Sources */ = {isa = PBXBuildFile; fileRef = 29DF853529FE843700E14BFE /* WeatherManager.swift */; };
		29DF853929FE844E00E14BFE /* WeatherData.swift in Sources */ = {isa = PBXBuildFile; fileRef = 29DF853829FE844E00E14BFE /* WeatherData.swift */; };
		29DF853B29FE845F00E14BFE /* WeatherModel.swift in Sources */ = {isa = PBXBuildFile; fileRef = 29DF853A29FE845F00E14BFE /* WeatherModel.swift */; };
		29DF853E29FE850F00E14BFE /* CitiesViewController.swift in Sources */ = {isa = PBXBuildFile; fileRef = 29DF853D29FE850F00E14BFE /* CitiesViewController.swift */; };
		29DF854229FE85F200E14BFE /* WeatherViewController.swift in Sources */ = {isa = PBXBuildFile; fileRef = 29DF854129FE85F200E14BFE /* WeatherViewController.swift */; };
		29DF854529FEAD7300E14BFE /* CitiesCell.swift in Sources */ = {isa = PBXBuildFile; fileRef = 29DF854329FEAD7300E14BFE /* CitiesCell.swift */; };
		29DF854629FEAD7300E14BFE /* CitiesCell.xib in Resources */ = {isa = PBXBuildFile; fileRef = 29DF854429FEAD7300E14BFE /* CitiesCell.xib */; };
/* End PBXBuildFile section */

/* Begin PBXFileReference section */
		296B5EE729FD2AF900F734C8 /* WeatherApp.app */ = {isa = PBXFileReference; explicitFileType = wrapper.application; includeInIndex = 0; path = WeatherApp.app; sourceTree = BUILT_PRODUCTS_DIR; };
		296B5EEA29FD2AF900F734C8 /* AppDelegate.swift */ = {isa = PBXFileReference; lastKnownFileType = sourcecode.swift; path = AppDelegate.swift; sourceTree = "<group>"; };
		296B5EEC29FD2AF900F734C8 /* SceneDelegate.swift */ = {isa = PBXFileReference; lastKnownFileType = sourcecode.swift; path = SceneDelegate.swift; sourceTree = "<group>"; };
		296B5EF129FD2AF900F734C8 /* Base */ = {isa = PBXFileReference; lastKnownFileType = file.storyboard; name = Base; path = Base.lproj/Main.storyboard; sourceTree = "<group>"; };
		296B5EF329FD2AFA00F734C8 /* Assets.xcassets */ = {isa = PBXFileReference; lastKnownFileType = folder.assetcatalog; path = Assets.xcassets; sourceTree = "<group>"; };
		296B5EF629FD2AFA00F734C8 /* Base */ = {isa = PBXFileReference; lastKnownFileType = file.storyboard; name = Base; path = Base.lproj/LaunchScreen.storyboard; sourceTree = "<group>"; };
		296B5EF829FD2AFA00F734C8 /* Info.plist */ = {isa = PBXFileReference; lastKnownFileType = text.plist.xml; path = Info.plist; sourceTree = "<group>"; };
		29DF853529FE843700E14BFE /* WeatherManager.swift */ = {isa = PBXFileReference; lastKnownFileType = sourcecode.swift; path = WeatherManager.swift; sourceTree = "<group>"; };
		29DF853829FE844E00E14BFE /* WeatherData.swift */ = {isa = PBXFileReference; lastKnownFileType = sourcecode.swift; path = WeatherData.swift; sourceTree = "<group>"; };
		29DF853A29FE845F00E14BFE /* WeatherModel.swift */ = {isa = PBXFileReference; lastKnownFileType = sourcecode.swift; path = WeatherModel.swift; sourceTree = "<group>"; };
		29DF853D29FE850F00E14BFE /* CitiesViewController.swift */ = {isa = PBXFileReference; lastKnownFileType = sourcecode.swift; path = CitiesViewController.swift; sourceTree = "<group>"; };
		29DF854129FE85F200E14BFE /* WeatherViewController.swift */ = {isa = PBXFileReference; lastKnownFileType = sourcecode.swift; path = WeatherViewController.swift; sourceTree = "<group>"; };
		29DF854329FEAD7300E14BFE /* CitiesCell.swift */ = {isa = PBXFileReference; lastKnownFileType = sourcecode.swift; path = CitiesCell.swift; sourceTree = "<group>"; };
		29DF854429FEAD7300E14BFE /* CitiesCell.xib */ = {isa = PBXFileReference; lastKnownFileType = file.xib; path = CitiesCell.xib; sourceTree = "<group>"; };
/* End PBXFileReference section */

/* Begin PBXFrameworksBuildPhase section */
		296B5EE429FD2AF900F734C8 /* Frameworks */ = {
			isa = PBXFrameworksBuildPhase;
			buildActionMask = 2147483647;
			files = (
			);
			runOnlyForDeploymentPostprocessing = 0;
		};
/* End PBXFrameworksBuildPhase section */

/* Begin PBXGroup section */
		296B5EDE29FD2AF900F734C8 = {
			isa = PBXGroup;
			children = (
				296B5EE929FD2AF900F734C8 /* WeatherApp */,
				296B5EE829FD2AF900F734C8 /* Products */,
			);
			sourceTree = "<group>";
		};
		296B5EE829FD2AF900F734C8 /* Products */ = {
			isa = PBXGroup;
			children = (
				296B5EE729FD2AF900F734C8 /* WeatherApp.app */,
			);
			name = Products;
			sourceTree = "<group>";
		};
		296B5EE929FD2AF900F734C8 /* WeatherApp */ = {
			isa = PBXGroup;
			children = (
				296B5EFE29FDCAEB00F734C8 /* App */,
				29DF853229FE83EF00E14BFE /* Model */,
				29DF853429FE840100E14BFE /* Controller */,
				29DF853329FE83FA00E14BFE /* View */,
				296B5EF329FD2AFA00F734C8 /* Assets.xcassets */,
				296B5EF529FD2AFA00F734C8 /* LaunchScreen.storyboard */,
				296B5EF829FD2AFA00F734C8 /* Info.plist */,
			);
			path = WeatherApp;
			sourceTree = "<group>";
		};
		296B5EFE29FDCAEB00F734C8 /* App */ = {
			isa = PBXGroup;
			children = (
				296B5EEA29FD2AF900F734C8 /* AppDelegate.swift */,
				296B5EEC29FD2AF900F734C8 /* SceneDelegate.swift */,
			);
			path = App;
			sourceTree = "<group>";
		};
		29DF853229FE83EF00E14BFE /* Model */ = {
			isa = PBXGroup;
			children = (
				29DF853529FE843700E14BFE /* WeatherManager.swift */,
				29DF853829FE844E00E14BFE /* WeatherData.swift */,
				29DF853A29FE845F00E14BFE /* WeatherModel.swift */,
			);
			path = Model;
			sourceTree = "<group>";
		};
		29DF853329FE83FA00E14BFE /* View */ = {
			isa = PBXGroup;
			children = (
				296B5EF029FD2AF900F734C8 /* Main.storyboard */,
			);
			path = View;
			sourceTree = "<group>";
		};
		29DF853429FE840100E14BFE /* Controller */ = {
			isa = PBXGroup;
			children = (
				29DF854129FE85F200E14BFE /* WeatherViewController.swift */,
				29DF853D29FE850F00E14BFE /* CitiesViewController.swift */,
				29DF854329FEAD7300E14BFE /* CitiesCell.swift */,
				29DF854429FEAD7300E14BFE /* CitiesCell.xib */,
			);
			path = Controller;
			sourceTree = "<group>";
		};
/* End PBXGroup section */

/* Begin PBXNativeTarget section */
		296B5EE629FD2AF900F734C8 /* WeatherApp */ = {
			isa = PBXNativeTarget;
			buildConfigurationList = 296B5EFB29FD2AFA00F734C8 /* Build configuration list for PBXNativeTarget "WeatherApp" */;
			buildPhases = (
				296B5EE329FD2AF900F734C8 /* Sources */,
				296B5EE429FD2AF900F734C8 /* Frameworks */,
				296B5EE529FD2AF900F734C8 /* Resources */,
			);
			buildRules = (
			);
			dependencies = (
			);
			name = WeatherApp;
			productName = WeatherApp;
			productReference = 296B5EE729FD2AF900F734C8 /* WeatherApp.app */;
			productType = "com.apple.product-type.application";
		};
/* End PBXNativeTarget section */

/* Begin PBXProject section */
		296B5EDF29FD2AF900F734C8 /* Project object */ = {
			isa = PBXProject;
			attributes = {
				BuildIndependentTargetsInParallel = 1;
				LastSwiftUpdateCheck = 1430;
				LastUpgradeCheck = 1430;
				TargetAttributes = {
					296B5EE629FD2AF900F734C8 = {
						CreatedOnToolsVersion = 14.3;
					};
				};
			};
			buildConfigurationList = 296B5EE229FD2AF900F734C8 /* Build configuration list for PBXProject "WeatherApp" */;
			compatibilityVersion = "Xcode 14.0";
			developmentRegion = en;
			hasScannedForEncodings = 0;
			knownRegions = (
				en,
				Base,
			);
			mainGroup = 296B5EDE29FD2AF900F734C8;
			productRefGroup = 296B5EE829FD2AF900F734C8 /* Products */;
			projectDirPath = "";
			projectRoot = "";
			targets = (
				296B5EE629FD2AF900F734C8 /* WeatherApp */,
			);
		};
/* End PBXProject section */

/* Begin PBXResourcesBuildPhase section */
		296B5EE529FD2AF900F734C8 /* Resources */ = {
			isa = PBXResourcesBuildPhase;
			buildActionMask = 2147483647;
			files = (
				29DF854629FEAD7300E14BFE /* CitiesCell.xib in Resources */,
				296B5EF729FD2AFA00F734C8 /* LaunchScreen.storyboard in Resources */,
				296B5EF429FD2AFA00F734C8 /* Assets.xcassets in Resources */,
				296B5EF229FD2AF900F734C8 /* Main.storyboard in Resources */,
			);
			runOnlyForDeploymentPostprocessing = 0;
		};
/* End PBXResourcesBuildPhase section */

/* Begin PBXSourcesBuildPhase section */
		296B5EE329FD2AF900F734C8 /* Sources */ = {
			isa = PBXSourcesBuildPhase;
			buildActionMask = 2147483647;
			files = (
				29DF853929FE844E00E14BFE /* WeatherData.swift in Sources */,
				296B5EEB29FD2AF900F734C8 /* AppDelegate.swift in Sources */,
				29DF853629FE843700E14BFE /* WeatherManager.swift in Sources */,
				29DF853B29FE845F00E14BFE /* WeatherModel.swift in Sources */,
				29DF854529FEAD7300E14BFE /* CitiesCell.swift in Sources */,
				29DF854229FE85F200E14BFE /* WeatherViewController.swift in Sources */,
				29DF853E29FE850F00E14BFE /* CitiesViewController.swift in Sources */,
				296B5EED29FD2AF900F734C8 /* SceneDelegate.swift in Sources */,
			);
			runOnlyForDeploymentPostprocessing = 0;
		};
/* End PBXSourcesBuildPhase section */

/* Begin PBXVariantGroup section */
		296B5EF029FD2AF900F734C8 /* Main.storyboard */ = {
			isa = PBXVariantGroup;
			children = (
				296B5EF129FD2AF900F734C8 /* Base */,
			);
			name = Main.storyboard;
			sourceTree = "<group>";
		};
		296B5EF529FD2AFA00F734C8 /* LaunchScreen.storyboard */ = {
			isa = PBXVariantGroup;
			children = (
				296B5EF629FD2AFA00F734C8 /* Base */,
			);
			name = LaunchScreen.storyboard;
			sourceTree = "<group>";
		};
/* End PBXVariantGroup section */

/* Begin XCBuildConfiguration section */
		296B5EF929FD2AFA00F734C8 /* Debug */ = {
			isa = XCBuildConfiguration;
			buildSettings = {
				ALWAYS_SEARCH_USER_PATHS = NO;
				CLANG_ANALYZER_NONNULL = YES;
				CLANG_ANALYZER_NUMBER_OBJECT_CONVERSION = YES_AGGRESSIVE;
				CLANG_CXX_LANGUAGE_STANDARD = "gnu++20";
				CLANG_ENABLE_MODULES = YES;
				CLANG_ENABLE_OBJC_ARC = YES;
				CLANG_ENABLE_OBJC_WEAK = YES;
				CLANG_WARN_BLOCK_CAPTURE_AUTORELEASING = YES;
				CLANG_WARN_BOOL_CONVERSION = YES;
				CLANG_WARN_COMMA = YES;
				CLANG_WARN_CONSTANT_CONVERSION = YES;
				CLANG_WARN_DEPRECATED_OBJC_IMPLEMENTATIONS = YES;
				CLANG_WARN_DIRECT_OBJC_ISA_USAGE = YES_ERROR;
				CLANG_WARN_DOCUMENTATION_COMMENTS = YES;
				CLANG_WARN_EMPTY_BODY = YES;
				CLANG_WARN_ENUM_CONVERSION = YES;
				CLANG_WARN_INFINITE_RECURSION = YES;
				CLANG_WARN_INT_CONVERSION = YES;
				CLANG_WARN_NON_LITERAL_NULL_CONVERSION = YES;
				CLANG_WARN_OBJC_IMPLICIT_RETAIN_SELF = YES;
				CLANG_WARN_OBJC_LITERAL_CONVERSION = YES;
				CLANG_WARN_OBJC_ROOT_CLASS = YES_ERROR;
				CLANG_WARN_QUOTED_INCLUDE_IN_FRAMEWORK_HEADER = YES;
				CLANG_WARN_RANGE_LOOP_ANALYSIS = YES;
				CLANG_WARN_STRICT_PROTOTYPES = YES;
				CLANG_WARN_SUSPICIOUS_MOVE = YES;
				CLANG_WARN_UNGUARDED_AVAILABILITY = YES_AGGRESSIVE;
				CLANG_WARN_UNREACHABLE_CODE = YES;
				CLANG_WARN__DUPLICATE_METHOD_MATCH = YES;
				COPY_PHASE_STRIP = NO;
				DEBUG_INFORMATION_FORMAT = dwarf;
				ENABLE_STRICT_OBJC_MSGSEND = YES;
				ENABLE_TESTABILITY = YES;
				GCC_C_LANGUAGE_STANDARD = gnu11;
				GCC_DYNAMIC_NO_PIC = NO;
				GCC_NO_COMMON_BLOCKS = YES;
				GCC_OPTIMIZATION_LEVEL = 0;
				GCC_PREPROCESSOR_DEFINITIONS = (
					"DEBUG=1",
					"$(inherited)",
				);
				GCC_WARN_64_TO_32_BIT_CONVERSION = YES;
				GCC_WARN_ABOUT_RETURN_TYPE = YES_ERROR;
				GCC_WARN_UNDECLARED_SELECTOR = YES;
				GCC_WARN_UNINITIALIZED_AUTOS = YES_AGGRESSIVE;
				GCC_WARN_UNUSED_FUNCTION = YES;
				GCC_WARN_UNUSED_VARIABLE = YES;
				IPHONEOS_DEPLOYMENT_TARGET = 16.4;
				MTL_ENABLE_DEBUG_INFO = INCLUDE_SOURCE;
				MTL_FAST_MATH = YES;
				ONLY_ACTIVE_ARCH = YES;
				SDKROOT = iphoneos;
				SWIFT_ACTIVE_COMPILATION_CONDITIONS = DEBUG;
				SWIFT_OPTIMIZATION_LEVEL = "-Onone";
			};
			name = Debug;
		};
		296B5EFA29FD2AFA00F734C8 /* Release */ = {
			isa = XCBuildConfiguration;
			buildSettings = {
				ALWAYS_SEARCH_USER_PATHS = NO;
				CLANG_ANALYZER_NONNULL = YES;
				CLANG_ANALYZER_NUMBER_OBJECT_CONVERSION = YES_AGGRESSIVE;
				CLANG_CXX_LANGUAGE_STANDARD = "gnu++20";
				CLANG_ENABLE_MODULES = YES;
				CLANG_ENABLE_OBJC_ARC = YES;
				CLANG_ENABLE_OBJC_WEAK = YES;
				CLANG_WARN_BLOCK_CAPTURE_AUTORELEASING = YES;
				CLANG_WARN_BOOL_CONVERSION = YES;
				CLANG_WARN_COMMA = YES;
				CLANG_WARN_CONSTANT_CONVERSION = YES;
				CLANG_WARN_DEPRECATED_OBJC_IMPLEMENTATIONS = YES;
				CLANG_WARN_DIRECT_OBJC_ISA_USAGE = YES_ERROR;
				CLANG_WARN_DOCUMENTATION_COMMENTS = YES;
				CLANG_WARN_EMPTY_BODY = YES;
				CLANG_WARN_ENUM_CONVERSION = YES;
				CLANG_WARN_INFINITE_RECURSION = YES;
				CLANG_WARN_INT_CONVERSION = YES;
				CLANG_WARN_NON_LITERAL_NULL_CONVERSION = YES;
				CLANG_WARN_OBJC_IMPLICIT_RETAIN_SELF = YES;
				CLANG_WARN_OBJC_LITERAL_CONVERSION = YES;
				CLANG_WARN_OBJC_ROOT_CLASS = YES_ERROR;
				CLANG_WARN_QUOTED_INCLUDE_IN_FRAMEWORK_HEADER = YES;
				CLANG_WARN_RANGE_LOOP_ANALYSIS = YES;
				CLANG_WARN_STRICT_PROTOTYPES = YES;
				CLANG_WARN_SUSPICIOUS_MOVE = YES;
				CLANG_WARN_UNGUARDED_AVAILABILITY = YES_AGGRESSIVE;
				CLANG_WARN_UNREACHABLE_CODE = YES;
				CLANG_WARN__DUPLICATE_METHOD_MATCH = YES;
				COPY_PHASE_STRIP = NO;
				DEBUG_INFORMATION_FORMAT = "dwarf-with-dsym";
				ENABLE_NS_ASSERTIONS = NO;
				ENABLE_STRICT_OBJC_MSGSEND = YES;
				GCC_C_LANGUAGE_STANDARD = gnu11;
				GCC_NO_COMMON_BLOCKS = YES;
				GCC_WARN_64_TO_32_BIT_CONVERSION = YES;
				GCC_WARN_ABOUT_RETURN_TYPE = YES_ERROR;
				GCC_WARN_UNDECLARED_SELECTOR = YES;
				GCC_WARN_UNINITIALIZED_AUTOS = YES_AGGRESSIVE;
				GCC_WARN_UNUSED_FUNCTION = YES;
				GCC_WARN_UNUSED_VARIABLE = YES;
				IPHONEOS_DEPLOYMENT_TARGET = 16.4;
				MTL_ENABLE_DEBUG_INFO = NO;
				MTL_FAST_MATH = YES;
				SDKROOT = iphoneos;
				SWIFT_COMPILATION_MODE = wholemodule;
				SWIFT_OPTIMIZATION_LEVEL = "-O";
				VALIDATE_PRODUCT = YES;
			};
			name = Release;
		};
		296B5EFC29FD2AFA00F734C8 /* Debug */ = {
			isa = XCBuildConfiguration;
			buildSettings = {
				ASSETCATALOG_COMPILER_APPICON_NAME = AppIcon;
				ASSETCATALOG_COMPILER_GLOBAL_ACCENT_COLOR_NAME = AccentColor;
				CODE_SIGN_STYLE = Automatic;
				CURRENT_PROJECT_VERSION = 1;
				DEVELOPMENT_TEAM = Q697MV4D34;
				GENERATE_INFOPLIST_FILE = YES;
				INFOPLIST_FILE = WeatherApp/Info.plist;
				INFOPLIST_KEY_UIApplicationSupportsIndirectInputEvents = YES;
				INFOPLIST_KEY_UILaunchStoryboardName = LaunchScreen;
				INFOPLIST_KEY_UIMainStoryboardFile = Main;
				INFOPLIST_KEY_UISupportedInterfaceOrientations_iPad = "UIInterfaceOrientationPortrait UIInterfaceOrientationPortraitUpsideDown UIInterfaceOrientationLandscapeLeft UIInterfaceOrientationLandscapeRight";
				INFOPLIST_KEY_UISupportedInterfaceOrientations_iPhone = "UIInterfaceOrientationPortrait UIInterfaceOrientationLandscapeLeft UIInterfaceOrientationLandscapeRight";
				LD_RUNPATH_SEARCH_PATHS = (
					"$(inherited)",
					"@executable_path/Frameworks",
				);
				MARKETING_VERSION = 1.0;
				PRODUCT_BUNDLE_IDENTIFIER = com.melihyuvaci.WeatherApp;
				PRODUCT_NAME = "$(TARGET_NAME)";
				SWIFT_EMIT_LOC_STRINGS = YES;
				SWIFT_VERSION = 5.0;
				TARGETED_DEVICE_FAMILY = "1,2";
			};
			name = Debug;
		};
		296B5EFD29FD2AFA00F734C8 /* Release */ = {
			isa = XCBuildConfiguration;
			buildSettings = {
				ASSETCATALOG_COMPILER_APPICON_NAME = AppIcon;
				ASSETCATALOG_COMPILER_GLOBAL_ACCENT_COLOR_NAME = AccentColor;
				CODE_SIGN_STYLE = Automatic;
				CURRENT_PROJECT_VERSION = 1;
				DEVELOPMENT_TEAM = Q697MV4D34;
				GENERATE_INFOPLIST_FILE = YES;
				INFOPLIST_FILE = WeatherApp/Info.plist;
				INFOPLIST_KEY_UIApplicationSupportsIndirectInputEvents = YES;
				INFOPLIST_KEY_UILaunchStoryboardName = LaunchScreen;
				INFOPLIST_KEY_UIMainStoryboardFile = Main;
				INFOPLIST_KEY_UISupportedInterfaceOrientations_iPad = "UIInterfaceOrientationPortrait UIInterfaceOrientationPortraitUpsideDown UIInterfaceOrientationLandscapeLeft UIInterfaceOrientationLandscapeRight";
				INFOPLIST_KEY_UISupportedInterfaceOrientations_iPhone = "UIInterfaceOrientationPortrait UIInterfaceOrientationLandscapeLeft UIInterfaceOrientationLandscapeRight";
				LD_RUNPATH_SEARCH_PATHS = (
					"$(inherited)",
					"@executable_path/Frameworks",
				);
				MARKETING_VERSION = 1.0;
				PRODUCT_BUNDLE_IDENTIFIER = com.melihyuvaci.WeatherApp;
				PRODUCT_NAME = "$(TARGET_NAME)";
				SWIFT_EMIT_LOC_STRINGS = YES;
				SWIFT_VERSION = 5.0;
				TARGETED_DEVICE_FAMILY = "1,2";
			};
			name = Release;
		};
/* End XCBuildConfiguration section */

/* Begin XCConfigurationList section */
		296B5EE229FD2AF900F734C8 /* Build configuration list for PBXProject "WeatherApp" */ = {
			isa = XCConfigurationList;
			buildConfigurations = (
				296B5EF929FD2AFA00F734C8 /* Debug */,
				296B5EFA29FD2AFA00F734C8 /* Release */,
			);
			defaultConfigurationIsVisible = 0;
			defaultConfigurationName = Release;
		};
		296B5EFB29FD2AFA00F734C8 /* Build configuration list for PBXNativeTarget "WeatherApp" */ = {
			isa = XCConfigurationList;
			buildConfigurations = (
				296B5EFC29FD2AFA00F734C8 /* Debug */,
				296B5EFD29FD2AFA00F734C8 /* Release */,
			);
			defaultConfigurationIsVisible = 0;
			defaultConfigurationName = Release;
		};
/* End XCConfigurationList section */
	};
	rootObject = 296B5EDF29FD2AF900F734C8 /* Project object */;
}
